
Microsoft Visual Studio Solution File, Format Version 12.00
# Visual Studio Version 17
VisualStudioVersion = 17.4.33110.190
MinimumVisualStudioVersion = 10.0.40219.1
Project("{FAE04EC0-301F-11D3-BF4B-00C04F79EFBC}") = "Entities", "Entities\Entities.csproj", "{3CAD4583-238C-42E0-9319-3FAC9823743B}"
EndProject
Project("{2150E333-8FDC-42A3-9474-1A3956D46DE8}") = "1 - Apresentação", "1 - Apresentação", "{CBA09EB3-0345-45C0-BB07-1CF740D5E6A7}"
EndProject
Project("{2150E333-8FDC-42A3-9474-1A3956D46DE8}") = "2 - Dominio", "2 - Dominio", "{D85EFB44-6D32-49A7-A6DA-171BD852D666}"
EndProject
Project("{2150E333-8FDC-42A3-9474-1A3956D46DE8}") = "3 - InfraEstrutura", "3 - InfraEstrutura", "{2602A360-23FD-48D0-8F21-98317E754C81}"
EndProject
Project("{2150E333-8FDC-42A3-9474-1A3956D46DE8}") = "4 - Entidades", "4 - Entidades", "{2AB32DE4-DCE5-44CE-BDBD-AF3C2E80B15A}"
EndProject
Project("{2150E333-8FDC-42A3-9474-1A3956D46DE8}") = "5 - Helpers", "5 - Helpers", "{10A89BCC-E726-4FDA-8943-148123682437}"
EndProject
Project("{FAE04EC0-301F-11D3-BF4B-00C04F79EFBC}") = "Helpers", "Helpers\Helpers.csproj", "{19475FCF-7AA8-47C4-BCA1-4D354E136A3D}"
EndProject
Project("{FAE04EC0-301F-11D3-BF4B-00C04F79EFBC}") = "Infra", "Infra\Infra.csproj", "{878F7AF0-8555-4AFF-A9E3-E571C56FD102}"
EndProject
Project("{FAE04EC0-301F-11D3-BF4B-00C04F79EFBC}") = "Domain", "Domain\Domain.csproj", "{0F44C904-F3F8-4546-BB53-3CC1C338675D}"
EndProject
Project("{FAE04EC0-301F-11D3-BF4B-00C04F79EFBC}") = "WebApi", "WebApi\WebApi.csproj", "{D39FD78C-D3E1-47BB-991C-C9D1017191AA}"
EndProject
Global
	GlobalSection(SolutionConfigurationPlatforms) = preSolution
		Debug|Any CPU = Debug|Any CPU
		Release|Any CPU = Release|Any CPU
	EndGlobalSection
	GlobalSection(ProjectConfigurationPlatforms) = postSolution
		{3CAD4583-238C-42E0-9319-3FAC9823743B}.Debug|Any CPU.ActiveCfg = Debug|Any CPU
		{3CAD4583-238C-42E0-9319-3FAC9823743B}.Debug|Any CPU.Build.0 = Debug|Any CPU
		{3CAD4583-238C-42E0-9319-3FAC9823743B}.Release|Any CPU.ActiveCfg = Release|Any CPU
		{3CAD4583-238C-42E0-9319-3FAC9823743B}.Release|Any CPU.Build.0 = Release|Any CPU
		{19475FCF-7AA8-47C4-BCA1-4D354E136A3D}.Debug|Any CPU.ActiveCfg = Debug|Any CPU
		{19475FCF-7AA8-47C4-BCA1-4D354E136A3D}.Debug|Any CPU.Build.0 = Debug|Any CPU
		{19475FCF-7AA8-47C4-BCA1-4D354E136A3D}.Release|Any CPU.ActiveCfg = Release|Any CPU
		{19475FCF-7AA8-47C4-BCA1-4D354E136A3D}.Release|Any CPU.Build.0 = Release|Any CPU
		{878F7AF0-8555-4AFF-A9E3-E571C56FD102}.Debug|Any CPU.ActiveCfg = Debug|Any CPU
		{878F7AF0-8555-4AFF-A9E3-E571C56FD102}.Debug|Any CPU.Build.0 = Debug|Any CPU
		{878F7AF0-8555-4AFF-A9E3-E571C56FD102}.Release|Any CPU.ActiveCfg = Release|Any CPU
		{878F7AF0-8555-4AFF-A9E3-E571C56FD102}.Release|Any CPU.Build.0 = Release|Any CPU
		{0F44C904-F3F8-4546-BB53-3CC1C338675D}.Debug|Any CPU.ActiveCfg = Debug|Any CPU
		{0F44C904-F3F8-4546-BB53-3CC1C338675D}.Debug|Any CPU.Build.0 = Debug|Any CPU
		{0F44C904-F3F8-4546-BB53-3CC1C338675D}.Release|Any CPU.ActiveCfg = Release|Any CPU
		{0F44C904-F3F8-4546-BB53-3CC1C338675D}.Release|Any CPU.Build.0 = Release|Any CPU
		{D39FD78C-D3E1-47BB-991C-C9D1017191AA}.Debug|Any CPU.ActiveCfg = Debug|Any CPU
		{D39FD78C-D3E1-47BB-991C-C9D1017191AA}.Debug|Any CPU.Build.0 = Debug|Any CPU
		{D39FD78C-D3E1-47BB-991C-C9D1017191AA}.Release|Any CPU.ActiveCfg = Release|Any CPU
		{D39FD78C-D3E1-47BB-991C-C9D1017191AA}.Release|Any CPU.Build.0 = Release|Any CPU
	EndGlobalSection
	GlobalSection(SolutionProperties) = preSolution
		HideSolutionNode = FALSE
	EndGlobalSection
	GlobalSection(NestedProjects) = preSolution
		{3CAD4583-238C-42E0-9319-3FAC9823743B} = {2AB32DE4-DCE5-44CE-BDBD-AF3C2E80B15A}
		{19475FCF-7AA8-47C4-BCA1-4D354E136A3D} = {10A89BCC-E726-4FDA-8943-148123682437}
		{878F7AF0-8555-4AFF-A9E3-E571C56FD102} = {2602A360-23FD-48D0-8F21-98317E754C81}
		{0F44C904-F3F8-4546-BB53-3CC1C338675D} = {D85EFB44-6D32-49A7-A6DA-171BD852D666}
		{D39FD78C-D3E1-47BB-991C-C9D1017191AA} = {CBA09EB3-0345-45C0-BB07-1CF740D5E6A7}
	EndGlobalSection
	GlobalSection(ExtensibilityGlobals) = postSolution
		SolutionGuid = {F547BB74-FE04-4FD5-ADFF-7645FB2FBDCA}
	EndGlobalSection
EndGlobal
